
Microsoft Visual Studio Solution File, Format Version 12.00
# Visual Studio Version 17
VisualStudioVersion = 17.2.32317.152
MinimumVisualStudioVersion = 10.0.40219.1
Project("{FAE04EC0-301F-11D3-BF4B-00C04F79EFBC}") = "ConsoleApp1", "ConsoleApp1\ConsoleApp1.csproj", "{9A4320DA-B6B8-411C-9253-CB8001526A95}"
EndProject
Project("{FAE04EC0-301F-11D3-BF4B-00C04F79EFBC}") = "TestProject1", "TestProject1\TestProject1.csproj", "{9EC369E4-AA34-499E-91C4-CB778C7C80DF}"
EndProject
Global
	GlobalSection(SolutionConfigurationPlatforms) = preSolution
		Debug|Any CPU = Debug|Any CPU
		Release|Any CPU = Release|Any CPU
	EndGlobalSection
	GlobalSection(ProjectConfigurationPlatforms) = postSolution
		{9A4320DA-B6B8-411C-9253-CB8001526A95}.Debug|Any CPU.ActiveCfg = Debug|Any CPU
		{9A4320DA-B6B8-411C-9253-CB8001526A95}.Debug|Any CPU.Build.0 = Debug|Any CPU
		{9A4320DA-B6B8-411C-9253-CB8001526A95}.Release|Any CPU.ActiveCfg = Release|Any CPU
		{9A4320DA-B6B8-411C-9253-CB8001526A95}.Release|Any CPU.Build.0 = Release|Any CPU
		{9EC369E4-AA34-499E-91C4-CB778C7C80DF}.Debug|Any CPU.ActiveCfg = Debug|Any CPU
		{9EC369E4-AA34-499E-91C4-CB778C7C80DF}.Debug|Any CPU.Build.0 = Debug|Any CPU
		{9EC369E4-AA34-499E-91C4-CB778C7C80DF}.Release|Any CPU.ActiveCfg = Release|Any CPU
		{9EC369E4-AA34-499E-91C4-CB778C7C80DF}.Release|Any CPU.Build.0 = Release|Any CPU
	EndGlobalSection
	GlobalSection(SolutionProperties) = preSolution
		HideSolutionNode = FALSE
	EndGlobalSection
	GlobalSection(ExtensibilityGlobals) = postSolution
		SolutionGuid = {DDFA416A-182B-417B-99B6-646A7600C23F}
	EndGlobalSection
EndGlobal
